hash: 7237f2fb3be19a739a03172c56b671afa3ec1db9e4c54cb2b7da5e5ef7591b44
updated: 2017-02-26T13:47:32.907674903+08:00
imports:
- name: github.com/bouk/monkey
  version: c25aeb130d5a5fdbd85758315af2cd9d5b98b90f
- name: github.com/davecgh/go-spew
  version: ""
  subpackages:
  - spew
- name: github.com/jroimartin/gocui
  version: c25aeb130d5a5fdbd85758315af2cd9d5b98b90f
- name: github.com/mattn/go-runewidth
  version: c25aeb130d5a5fdbd85758315af2cd9d5b98b90f
- name: github.com/nsf/termbox-go
  version: c25aeb130d5a5fdbd85758315af2cd9d5b98b90f
- name: github.com/pmezard/go-difflib
  version: 792786c7400a136282c1664665ae0a8db921c6c2
  subpackages:
  - difflib
- name: github.com/sergi/go-diff
  version: c25aeb130d5a5fdbd85758315af2cd9d5b98b90f
- name: github.com/Shopify/go-lua
  version: c25aeb130d5a5fdbd85758315af2cd9d5b98b90f
- name: github.com/src-d/go-git
  version: ""
- name: github.com/stretchr/testify
  version: ""
testImports: []
